{
  "name": "jo",
  "version": "0.1.0",
  "lockfileVersion": 2,
  "requires": true,
  "packages": {
    "": {
      "name": "jo",
      "version": "0.1.0",
      "license": "ISC",
      "dependencies": {
        "@jolie/jo": "^1.0.1"
      }
    },
    "node_modules/@jolie/jo": {
      "version": "1.0.1",
      "resolved": "https://registry.npmjs.org/@jolie/jo/-/jo-1.0.1.tgz",
      "integrity": "sha512-uejYKVudTEVmriJRRgzoeaxMuXyp5u5fGgv5ysh1NJCCoRaVOLEYXG5KT9g0Agj7dIrt5X/KVy6hI0BB5ni54A=="
    }
  },
  "dependencies": {
    "@jolie/jo": {
      "version": "1.0.1",
      "resolved": "https://registry.npmjs.org/@jolie/jo/-/jo-1.0.1.tgz",
      "integrity": "sha512-uejYKVudTEVmriJRRgzoeaxMuXyp5u5fGgv5ysh1NJCCoRaVOLEYXG5KT9g0Agj7dIrt5X/KVy6hI0BB5ni54A=="
    }
  }
}
